
Microsoft Visual Studio Solution File, Format Version 12.00
# Visual Studio Version 17
VisualStudioVersion = 17.4.33103.184
MinimumVisualStudioVersion = 10.0.40219.1
Project("{FAE04EC0-301F-11D3-BF4B-00C04F79EFBC}") = "NetworkStatusMonitor", "NetworkStatusMonitor.csproj", "{7EFD03C9-1D18-42D1-9444-6E2BDFC8685E}"
EndProject
Global
	GlobalSection(SolutionConfigurationPlatforms) = preSolution
		Debug|Any CPU = Debug|Any CPU
		Release|Any CPU = Release|Any CPU
	EndGlobalSection
	GlobalSection(ProjectConfigurationPlatforms) = postSolution
		{7EFD03C9-1D18-42D1-9444-6E2BDFC8685E}.Debug|Any CPU.ActiveCfg = Debug|Any CPU
		{7EFD03C9-1D18-42D1-9444-6E2BDFC8685E}.Debug|Any CPU.Build.0 = Debug|Any CPU
		{7EFD03C9-1D18-42D1-9444-6E2BDFC8685E}.Release|Any CPU.ActiveCfg = Release|Any CPU
		{7EFD03C9-1D18-42D1-9444-6E2BDFC8685E}.Release|Any CPU.Build.0 = Release|Any CPU
	EndGlobalSection
	GlobalSection(SolutionProperties) = preSolution
		HideSolutionNode = FALSE
	EndGlobalSection
	GlobalSection(ExtensibilityGlobals) = postSolution
		SolutionGuid = {BB12C8F7-42A5-4B30-91C9-52F499A1B5CA}
	EndGlobalSection
EndGlobal
